
Microsoft Visual Studio Solution File, Format Version 12.00
# Visual Studio Version 16
VisualStudioVersion = 16.0.31729.503
MinimumVisualStudioVersion = 10.0.40219.1
Project("{FAE04EC0-301F-11D3-BF4B-00C04F79EFBC}") = "80_Lezione_10_06_FirstPerson", "80_Lezione_10_06_FirstPerson\80_Lezione_10_06_FirstPerson.csproj", "{576CBE7D-C6CC-496F-8F67-842252D9C8E9}"
EndProject
Global
	GlobalSection(SolutionConfigurationPlatforms) = preSolution
		Debug|Any CPU = Debug|Any CPU
		Release|Any CPU = Release|Any CPU
	EndGlobalSection
	GlobalSection(ProjectConfigurationPlatforms) = postSolution
		{576CBE7D-C6CC-496F-8F67-842252D9C8E9}.Debug|Any CPU.ActiveCfg = Debug|Any CPU
		{576CBE7D-C6CC-496F-8F67-842252D9C8E9}.Debug|Any CPU.Build.0 = Debug|Any CPU
		{576CBE7D-C6CC-496F-8F67-842252D9C8E9}.Release|Any CPU.ActiveCfg = Release|Any CPU
		{576CBE7D-C6CC-496F-8F67-842252D9C8E9}.Release|Any CPU.Build.0 = Release|Any CPU
	EndGlobalSection
	GlobalSection(SolutionProperties) = preSolution
		HideSolutionNode = FALSE
	EndGlobalSection
	GlobalSection(ExtensibilityGlobals) = postSolution
		SolutionGuid = {ADF1B635-BE66-4880-8289-427DA62098BE}
	EndGlobalSection
EndGlobal
